{
  "name": "01-Intro",
  "lockfileVersion": 2,
  "requires": true,
  "packages": {
    "": {
      "dependencies": {
        "voucher-code-generator": "^1.3.0"
      }
    },
    "node_modules/voucher-code-generator": {
      "version": "1.3.0",
      "resolved": "https://registry.npmjs.org/voucher-code-generator/-/voucher-code-generator-1.3.0.tgz",
      "integrity": "sha512-t4wnI91KC58LtjX2I0rJDhRm1JTXD+G7A+7iqp0sRSgpeJP4eKLexDRDLe2nedR7xFQcVlZudDZRBLrMP5+KTA=="
    }
  },
  "dependencies": {
    "voucher-code-generator": {
      "version": "1.3.0",
      "resolved": "https://registry.npmjs.org/voucher-code-generator/-/voucher-code-generator-1.3.0.tgz",
      "integrity": "sha512-t4wnI91KC58LtjX2I0rJDhRm1JTXD+G7A+7iqp0sRSgpeJP4eKLexDRDLe2nedR7xFQcVlZudDZRBLrMP5+KTA=="
    }
  }
}
